
Microsoft Visual Studio Solution File, Format Version 12.00
# Visual Studio Version 17
VisualStudioVersion = 17.11.35312.102
MinimumVisualStudioVersion = 10.0.40219.1
Project("{8BC9CEB8-8B4A-11D0-8D11-00A0C91BC942}") = "ClientS", "ClientS\ClientS.vcxproj", "{3760AA82-27C0-4CAA-9FDB-BBE29315E091}"
EndProject
Global
	GlobalSection(SolutionConfigurationPlatforms) = preSolution
		Debug|x64 = Debug|x64
		Debug|x86 = Debug|x86
		Release|x64 = Release|x64
		Release|x86 = Release|x86
	EndGlobalSection
	GlobalSection(ProjectConfigurationPlatforms) = postSolution
		{3760AA82-27C0-4CAA-9FDB-BBE29315E091}.Debug|x64.ActiveCfg = Debug|x64
		{3760AA82-27C0-4CAA-9FDB-BBE29315E091}.Debug|x64.Build.0 = Debug|x64
		{3760AA82-27C0-4CAA-9FDB-BBE29315E091}.Debug|x86.ActiveCfg = Debug|Win32
		{3760AA82-27C0-4CAA-9FDB-BBE29315E091}.Debug|x86.Build.0 = Debug|Win32
		{3760AA82-27C0-4CAA-9FDB-BBE29315E091}.Release|x64.ActiveCfg = Release|x64
		{3760AA82-27C0-4CAA-9FDB-BBE29315E091}.Release|x64.Build.0 = Release|x64
		{3760AA82-27C0-4CAA-9FDB-BBE29315E091}.Release|x86.ActiveCfg = Release|Win32
		{3760AA82-27C0-4CAA-9FDB-BBE29315E091}.Release|x86.Build.0 = Release|Win32
	EndGlobalSection
	GlobalSection(SolutionProperties) = preSolution
		HideSolutionNode = FALSE
	EndGlobalSection
	GlobalSection(ExtensibilityGlobals) = postSolution
		SolutionGuid = {B8FA85E5-A234-467A-99C9-760C47E3CC41}
	EndGlobalSection
EndGlobal
