
Microsoft Visual Studio Solution File, Format Version 12.00
# Visual Studio Version 17
VisualStudioVersion = 17.11.35312.102
MinimumVisualStudioVersion = 10.0.40219.1
Project("{8BC9CEB8-8B4A-11D0-8D11-00A0C91BC942}") = "ConcurrentServer", "ConcurrentServer\ConcurrentServer.vcxproj", "{A7DCB71A-34A1-47F4-AD23-0778FB840677}"
EndProject
Project("{8BC9CEB8-8B4A-11D0-8D11-00A0C91BC942}") = "ServiceLibrary", "ServiceLibrary\ServiceLibrary.vcxproj", "{53CB8BCC-0458-4863-B74E-46A34E9F1660}"
EndProject
Global
	GlobalSection(SolutionConfigurationPlatforms) = preSolution
		Debug|x64 = Debug|x64
		Debug|x86 = Debug|x86
		Release|x64 = Release|x64
		Release|x86 = Release|x86
	EndGlobalSection
	GlobalSection(ProjectConfigurationPlatforms) = postSolution
		{A7DCB71A-34A1-47F4-AD23-0778FB840677}.Debug|x64.ActiveCfg = Debug|x64
		{A7DCB71A-34A1-47F4-AD23-0778FB840677}.Debug|x64.Build.0 = Debug|x64
		{A7DCB71A-34A1-47F4-AD23-0778FB840677}.Debug|x86.ActiveCfg = Debug|Win32
		{A7DCB71A-34A1-47F4-AD23-0778FB840677}.Debug|x86.Build.0 = Debug|Win32
		{A7DCB71A-34A1-47F4-AD23-0778FB840677}.Release|x64.ActiveCfg = Release|x64
		{A7DCB71A-34A1-47F4-AD23-0778FB840677}.Release|x64.Build.0 = Release|x64
		{A7DCB71A-34A1-47F4-AD23-0778FB840677}.Release|x86.ActiveCfg = Release|Win32
		{A7DCB71A-34A1-47F4-AD23-0778FB840677}.Release|x86.Build.0 = Release|Win32
		{53CB8BCC-0458-4863-B74E-46A34E9F1660}.Debug|x64.ActiveCfg = Debug|x64
		{53CB8BCC-0458-4863-B74E-46A34E9F1660}.Debug|x64.Build.0 = Debug|x64
		{53CB8BCC-0458-4863-B74E-46A34E9F1660}.Debug|x86.ActiveCfg = Debug|Win32
		{53CB8BCC-0458-4863-B74E-46A34E9F1660}.Debug|x86.Build.0 = Debug|Win32
		{53CB8BCC-0458-4863-B74E-46A34E9F1660}.Release|x64.ActiveCfg = Release|x64
		{53CB8BCC-0458-4863-B74E-46A34E9F1660}.Release|x64.Build.0 = Release|x64
		{53CB8BCC-0458-4863-B74E-46A34E9F1660}.Release|x86.ActiveCfg = Release|Win32
		{53CB8BCC-0458-4863-B74E-46A34E9F1660}.Release|x86.Build.0 = Release|Win32
	EndGlobalSection
	GlobalSection(SolutionProperties) = preSolution
		HideSolutionNode = FALSE
	EndGlobalSection
	GlobalSection(ExtensibilityGlobals) = postSolution
		SolutionGuid = {C0B7C0AE-D76B-4D62-A4E0-F4AC03B4C503}
	EndGlobalSection
EndGlobal
